
Microsoft Visual Studio Solution File, Format Version 12.00
# Visual Studio Version 17
VisualStudioVersion = 17.2.32526.322
MinimumVisualStudioVersion = 10.0.40219.1
Project("{FAE04EC0-301F-11D3-BF4B-00C04F79EFBC}") = "GeradorDeRelatoriosEmPdf", "GeradorDeRelatoriosEmPdf.csproj", "{9CDC9A29-D3E7-4994-A8F3-F7DDD56F6BE1}"
EndProject
Global
	GlobalSection(SolutionConfigurationPlatforms) = preSolution
		Debug|Any CPU = Debug|Any CPU
		Release|Any CPU = Release|Any CPU
	EndGlobalSection
	GlobalSection(ProjectConfigurationPlatforms) = postSolution
		{9CDC9A29-D3E7-4994-A8F3-F7DDD56F6BE1}.Debug|Any CPU.ActiveCfg = Debug|Any CPU
		{9CDC9A29-D3E7-4994-A8F3-F7DDD56F6BE1}.Debug|Any CPU.Build.0 = Debug|Any CPU
		{9CDC9A29-D3E7-4994-A8F3-F7DDD56F6BE1}.Release|Any CPU.ActiveCfg = Release|Any CPU
		{9CDC9A29-D3E7-4994-A8F3-F7DDD56F6BE1}.Release|Any CPU.Build.0 = Release|Any CPU
	EndGlobalSection
	GlobalSection(SolutionProperties) = preSolution
		HideSolutionNode = FALSE
	EndGlobalSection
	GlobalSection(ExtensibilityGlobals) = postSolution
		SolutionGuid = {51BB46F4-6966-4B03-A7E1-46E9338122A7}
	EndGlobalSection
EndGlobal
